
Microsoft Visual Studio Solution File, Format Version 12.00
# Visual Studio Version 16
VisualStudioVersion = 16.0.30717.126
MinimumVisualStudioVersion = 10.0.40219.1
Project("{8BC9CEB8-8B4A-11D0-8D11-00A0C91BC942}") = "OpenGLMaster", "OpenGLMaster\OpenGLMaster.vcxproj", "{7173108F-D750-4554-A363-D6FA25372526}"
EndProject
Project("{2150E333-8FDC-42A3-9474-1A3956D46DE8}") = "Solution Items", "Solution Items", "{D7012135-2206-453E-BDCF-3E8028B93DDF}"
	ProjectSection(SolutionItems) = preProject
		Jupiter.txt = Jupiter.txt
	EndProjectSection
EndProject
Global
	GlobalSection(SolutionConfigurationPlatforms) = preSolution
		Debug|x64 = Debug|x64
		Debug|x86 = Debug|x86
		Release|x64 = Release|x64
		Release|x86 = Release|x86
	EndGlobalSection
	GlobalSection(ProjectConfigurationPlatforms) = postSolution
		{7173108F-D750-4554-A363-D6FA25372526}.Debug|x64.ActiveCfg = Debug|x64
		{7173108F-D750-4554-A363-D6FA25372526}.Debug|x64.Build.0 = Debug|x64
		{7173108F-D750-4554-A363-D6FA25372526}.Debug|x86.ActiveCfg = Debug|Win32
		{7173108F-D750-4554-A363-D6FA25372526}.Debug|x86.Build.0 = Debug|Win32
		{7173108F-D750-4554-A363-D6FA25372526}.Release|x64.ActiveCfg = Release|x64
		{7173108F-D750-4554-A363-D6FA25372526}.Release|x64.Build.0 = Release|x64
		{7173108F-D750-4554-A363-D6FA25372526}.Release|x86.ActiveCfg = Release|Win32
		{7173108F-D750-4554-A363-D6FA25372526}.Release|x86.Build.0 = Release|Win32
	EndGlobalSection
	GlobalSection(SolutionProperties) = preSolution
		HideSolutionNode = FALSE
	EndGlobalSection
	GlobalSection(ExtensibilityGlobals) = postSolution
		SolutionGuid = {0C3AD3B8-689C-4C70-904F-F812BB248B98}
	EndGlobalSection
EndGlobal
