<?xml version="1.0" encoding="utf-8"?>
<Project ToolsVersion="4.0" xmlns="http://schemas.microsoft.com/developer/msbuild/2003">
  <ItemGroup>
    <Filter Include="Source Files">
      <UniqueIdentifier>{4FC737F1-C7A5-4376-A066-2A32D752A2FF}</UniqueIdentifier>
      <Extensions>cpp;c;cc;cxx;c++;cppm;ixx;def;odl;idl;hpj;bat;asm;asmx</Extensions>
    </Filter>
    <Filter Include="Header Files">
      <UniqueIdentifier>{93995380-89BD-4b04-88EB-625FBE52EBFB}</UniqueIdentifier>
      <Extensions>h;hh;hpp;hxx;h++;hm;inl;inc;ipp;xsd</Extensions>
    </Filter>
    <Filter Include="Resource Files">
      <UniqueIdentifier>{67DA6AB6-F800-4c08-8B7A-83BB121AAD01}</UniqueIdentifier>
      <Extensions>rc;ico;cur;bmp;dlg;rc2;rct;bin;rgs;gif;jpg;jpeg;jpe;resx;tiff;tif;png;wav;mfcribbon-ms</Extensions>
    </Filter>
    <Filter Include="Completed">
      <UniqueIdentifier>{83329b9f-5f8f-4e43-923a-c6ba174f3e80}</UniqueIdentifier>
    </Filter>
    <Filter Include="Header Files\Objects">
      <UniqueIdentifier>{9bb31b26-c21f-4b86-ae3d-201fae6ca4be}</UniqueIdentifier>
    </Filter>
    <Filter Include="Header Files\Engine">
      <UniqueIdentifier>{456b27a3-5c2a-49b0-886e-4add21fe5be4}</UniqueIdentifier>
    </Filter>
    <Filter Include="Header Files\ObjectLoader">
      <UniqueIdentifier>{f13dc6e4-dd17-4615-b120-d917fdf78488}</UniqueIdentifier>
    </Filter>
    <Filter Include="Source Files\Objects">
      <UniqueIdentifier>{47b199d9-5bab-4503-a079-44de414e69c0}</UniqueIdentifier>
    </Filter>
    <Filter Include="Source Files\Engine">
      <UniqueIdentifier>{0868f377-bc38-496e-9c28-37107b3cf294}</UniqueIdentifier>
    </Filter>
    <Filter Include="Source Files\ObjectLoaders">
      <UniqueIdentifier>{b0a74e0c-73d2-456e-9143-726d65022099}</UniqueIdentifier>
    </Filter>
  </ItemGroup>
  <ItemGroup>
    <ClCompile Include="DeathStar.cpp">
      <Filter>Source Files\Objects</Filter>
    </ClCompile>
    <ClCompile Include="TieFighter.cpp">
      <Filter>Source Files\Objects</Filter>
    </ClCompile>
    <ClCompile Include="XWing.cpp">
      <Filter>Source Files\Objects</Filter>
    </ClCompile>
    <ClCompile Include="StarDestroyer.cpp">
      <Filter>Source Files\Objects</Filter>
    </ClCompile>
    <ClCompile Include="HomeOne.cpp">
      <Filter>Source Files\Objects</Filter>
    </ClCompile>
    <ClCompile Include="ScenarioObjects.cpp">
      <Filter>Source Files\Engine</Filter>
    </ClCompile>
    <ClCompile Include="Texture2D.cpp">
      <Filter>Source Files\Engine</Filter>
    </ClCompile>
    <ClCompile Include="OpenGLMaster.cpp">
      <Filter>Source Files\Engine</Filter>
    </ClCompile>
    <ClCompile Include="main.cpp">
      <Filter>Source Files\Engine</Filter>
    </ClCompile>
    <ClCompile Include="GLUTCallbacks.cpp">
      <Filter>Source Files\Engine</Filter>
    </ClCompile>
    <ClCompile Include="Obj_Loader.cpp">
      <Filter>Source Files\ObjectLoaders</Filter>
    </ClCompile>
    <ClCompile Include="F:\FOGGS ASSIGNMENT\OpenGLMaster\OpenGLMaster\MeshLoader.cpp">
      <Filter>Source Files\ObjectLoaders</Filter>
    </ClCompile>
  </ItemGroup>
  <ItemGroup>
    <ClInclude Include="ScenarioObjects.h">
      <Filter>Header Files\Objects</Filter>
    </ClInclude>
    <ClInclude Include="DeathStar.h">
      <Filter>Header Files\Objects</Filter>
    </ClInclude>
    <ClInclude Include="HomeOne.h">
      <Filter>Header Files\Objects</Filter>
    </ClInclude>
    <ClInclude Include="StarDestroyer.h">
      <Filter>Header Files\Objects</Filter>
    </ClInclude>
    <ClInclude Include="TieFighter.h">
      <Filter>Header Files\Objects</Filter>
    </ClInclude>
    <ClInclude Include="XWing.h">
      <Filter>Header Files\Objects</Filter>
    </ClInclude>
    <ClInclude Include="GLUTCallbacks.h">
      <Filter>Header Files\Engine</Filter>
    </ClInclude>
    <ClInclude Include="OpenGLMain.h">
      <Filter>Header Files\Engine</Filter>
    </ClInclude>
    <ClInclude Include="Structures.h">
      <Filter>Header Files\Engine</Filter>
    </ClInclude>
    <ClInclude Include="Texture2D.h">
      <Filter>Header Files\Engine</Filter>
    </ClInclude>
    <ClInclude Include="Obj_Loader.h">
      <Filter>Header Files\ObjectLoader</Filter>
    </ClInclude>
    <ClInclude Include="Constants.h">
      <Filter>Header Files\Engine</Filter>
    </ClInclude>
    <ClInclude Include="F:\FOGGS ASSIGNMENT\OpenGLMaster\OpenGLMaster\MeshLoader.h">
      <Filter>Header Files\ObjectLoader</Filter>
    </ClInclude>
  </ItemGroup>
</Project>